
Microsoft Visual Studio Solution File, Format Version 12.00
# Visual Studio Version 17
VisualStudioVersion = 17.0.31717.71
MinimumVisualStudioVersion = 10.0.40219.1
Project("{9A19103F-16F7-4668-BE54-9A1E7A4F7556}") = "MVCClient", "Clients\MVCClient\MVCClient.csproj", "{C6A08775-1FEC-422B-87DD-6A1756256C58}"
EndProject
Project("{9A19103F-16F7-4668-BE54-9A1E7A4F7556}") = "IdentityMicroservice", "IdentityServer\IdentityMicroservice.csproj", "{5EA77124-82B1-4206-AE22-670BC9174062}"
EndProject
Project("{9A19103F-16F7-4668-BE54-9A1E7A4F7556}") = "CategoryProducts_MS", "Microservices\CategoryProducts_MS\CategoryProducts_MS.csproj", "{E9CE63F4-A241-4DEA-96DC-B4D6CFD849B1}"
EndProject
Project("{9A19103F-16F7-4668-BE54-9A1E7A4F7556}") = "CategoryWebsite_MS", "Microservices\CategoryWebsite_MS\CategoryWebsite_MS.csproj", "{986A0D12-2F00-4BF4-9E29-A74AE73CE31E}"
EndProject
Project("{9A19103F-16F7-4668-BE54-9A1E7A4F7556}") = "Products_MS", "Microservices\Products_MS\Products_MS.csproj", "{C80ED865-B078-43BA-958B-96CA259AABF2}"
EndProject
Project("{9A19103F-16F7-4668-BE54-9A1E7A4F7556}") = "Purchase_MS", "Microservices\Purchase_MS\Purchase_MS.csproj", "{AF10F021-92FB-4E3C-B6E9-3E2D601A67FA}"
EndProject
Project("{FAE04EC0-301F-11D3-BF4B-00C04F79EFBC}") = "Reviews_MS", "Microservices\Reviews_MS\Reviews_MS.csproj", "{6E1646F4-697B-414D-B893-28B3DF4FC076}"
EndProject
Project("{9A19103F-16F7-4668-BE54-9A1E7A4F7556}") = "SavedWebsites_MS", "Microservices\SavedWebsites_MS\SavedWebsites_MS.csproj", "{2EF68090-03CE-4D17-AE23-98958B4EAC83}"
EndProject
Project("{9A19103F-16F7-4668-BE54-9A1E7A4F7556}") = "SearchWebsites_MS", "Microservices\SearchWebsites_MS\SearchWebsites_MS.csproj", "{6E0F271E-9264-469E-A412-28A1B87EF8D9}"
EndProject
Project("{9A19103F-16F7-4668-BE54-9A1E7A4F7556}") = "ShoppingCart_MS", "Microservices\ShoppingCart_MS\ShoppingCart_MS.csproj", "{CF9EE0C1-4455-4948-9E7E-9E529BD91298}"
EndProject
Project("{9A19103F-16F7-4668-BE54-9A1E7A4F7556}") = "Websites_MS", "Microservices\Websites_MS\Websites_MS.csproj", "{96CB1F0B-612D-4868-9752-68A82766FA0C}"
EndProject
Project("{9A19103F-16F7-4668-BE54-9A1E7A4F7556}") = "WebsiteStatistics_MS", "Microservices\WebsiteStatistics_MS\WebsiteStatistics_MS.csproj", "{36516539-230E-49B8-A6AE-6107D9E02418}"
EndProject
Project("{FAE04EC0-301F-11D3-BF4B-00C04F79EFBC}") = "Ocelot_ApiGateway", "ApiGateways\Ocelot_ApiGateway\Ocelot_ApiGateway.csproj", "{974B6227-7759-4FB0-B5BD-FC568E3FC82F}"
EndProject
Global
	GlobalSection(SolutionConfigurationPlatforms) = preSolution
		Debug|Any CPU = Debug|Any CPU
		Release|Any CPU = Release|Any CPU
	EndGlobalSection
	GlobalSection(ProjectConfigurationPlatforms) = postSolution
		{C6A08775-1FEC-422B-87DD-6A1756256C58}.Debug|Any CPU.ActiveCfg = Debug|Any CPU
		{C6A08775-1FEC-422B-87DD-6A1756256C58}.Debug|Any CPU.Build.0 = Debug|Any CPU
		{C6A08775-1FEC-422B-87DD-6A1756256C58}.Release|Any CPU.ActiveCfg = Release|Any CPU
		{C6A08775-1FEC-422B-87DD-6A1756256C58}.Release|Any CPU.Build.0 = Release|Any CPU
		{5EA77124-82B1-4206-AE22-670BC9174062}.Debug|Any CPU.ActiveCfg = Debug|Any CPU
		{5EA77124-82B1-4206-AE22-670BC9174062}.Debug|Any CPU.Build.0 = Debug|Any CPU
		{5EA77124-82B1-4206-AE22-670BC9174062}.Release|Any CPU.ActiveCfg = Release|Any CPU
		{5EA77124-82B1-4206-AE22-670BC9174062}.Release|Any CPU.Build.0 = Release|Any CPU
		{E9CE63F4-A241-4DEA-96DC-B4D6CFD849B1}.Debug|Any CPU.ActiveCfg = Debug|Any CPU
		{E9CE63F4-A241-4DEA-96DC-B4D6CFD849B1}.Debug|Any CPU.Build.0 = Debug|Any CPU
		{E9CE63F4-A241-4DEA-96DC-B4D6CFD849B1}.Release|Any CPU.ActiveCfg = Release|Any CPU
		{E9CE63F4-A241-4DEA-96DC-B4D6CFD849B1}.Release|Any CPU.Build.0 = Release|Any CPU
		{986A0D12-2F00-4BF4-9E29-A74AE73CE31E}.Debug|Any CPU.ActiveCfg = Debug|Any CPU
		{986A0D12-2F00-4BF4-9E29-A74AE73CE31E}.Debug|Any CPU.Build.0 = Debug|Any CPU
		{986A0D12-2F00-4BF4-9E29-A74AE73CE31E}.Release|Any CPU.ActiveCfg = Release|Any CPU
		{986A0D12-2F00-4BF4-9E29-A74AE73CE31E}.Release|Any CPU.Build.0 = Release|Any CPU
		{C80ED865-B078-43BA-958B-96CA259AABF2}.Debug|Any CPU.ActiveCfg = Debug|Any CPU
		{C80ED865-B078-43BA-958B-96CA259AABF2}.Debug|Any CPU.Build.0 = Debug|Any CPU
		{C80ED865-B078-43BA-958B-96CA259AABF2}.Release|Any CPU.ActiveCfg = Release|Any CPU
		{C80ED865-B078-43BA-958B-96CA259AABF2}.Release|Any CPU.Build.0 = Release|Any CPU
		{AF10F021-92FB-4E3C-B6E9-3E2D601A67FA}.Debug|Any CPU.ActiveCfg = Debug|Any CPU
		{AF10F021-92FB-4E3C-B6E9-3E2D601A67FA}.Debug|Any CPU.Build.0 = Debug|Any CPU
		{AF10F021-92FB-4E3C-B6E9-3E2D601A67FA}.Release|Any CPU.ActiveCfg = Release|Any CPU
		{AF10F021-92FB-4E3C-B6E9-3E2D601A67FA}.Release|Any CPU.Build.0 = Release|Any CPU
		{6E1646F4-697B-414D-B893-28B3DF4FC076}.Debug|Any CPU.ActiveCfg = Debug|Any CPU
		{6E1646F4-697B-414D-B893-28B3DF4FC076}.Debug|Any CPU.Build.0 = Debug|Any CPU
		{6E1646F4-697B-414D-B893-28B3DF4FC076}.Release|Any CPU.ActiveCfg = Release|Any CPU
		{6E1646F4-697B-414D-B893-28B3DF4FC076}.Release|Any CPU.Build.0 = Release|Any CPU
		{2EF68090-03CE-4D17-AE23-98958B4EAC83}.Debug|Any CPU.ActiveCfg = Debug|Any CPU
		{2EF68090-03CE-4D17-AE23-98958B4EAC83}.Debug|Any CPU.Build.0 = Debug|Any CPU
		{2EF68090-03CE-4D17-AE23-98958B4EAC83}.Release|Any CPU.ActiveCfg = Release|Any CPU
		{2EF68090-03CE-4D17-AE23-98958B4EAC83}.Release|Any CPU.Build.0 = Release|Any CPU
		{6E0F271E-9264-469E-A412-28A1B87EF8D9}.Debug|Any CPU.ActiveCfg = Debug|Any CPU
		{6E0F271E-9264-469E-A412-28A1B87EF8D9}.Debug|Any CPU.Build.0 = Debug|Any CPU
		{6E0F271E-9264-469E-A412-28A1B87EF8D9}.Release|Any CPU.ActiveCfg = Release|Any CPU
		{6E0F271E-9264-469E-A412-28A1B87EF8D9}.Release|Any CPU.Build.0 = Release|Any CPU
		{CF9EE0C1-4455-4948-9E7E-9E529BD91298}.Debug|Any CPU.ActiveCfg = Debug|Any CPU
		{CF9EE0C1-4455-4948-9E7E-9E529BD91298}.Debug|Any CPU.Build.0 = Debug|Any CPU
		{CF9EE0C1-4455-4948-9E7E-9E529BD91298}.Release|Any CPU.ActiveCfg = Release|Any CPU
		{CF9EE0C1-4455-4948-9E7E-9E529BD91298}.Release|Any CPU.Build.0 = Release|Any CPU
		{96CB1F0B-612D-4868-9752-68A82766FA0C}.Debug|Any CPU.ActiveCfg = Debug|Any CPU
		{96CB1F0B-612D-4868-9752-68A82766FA0C}.Debug|Any CPU.Build.0 = Debug|Any CPU
		{96CB1F0B-612D-4868-9752-68A82766FA0C}.Release|Any CPU.ActiveCfg = Release|Any CPU
		{96CB1F0B-612D-4868-9752-68A82766FA0C}.Release|Any CPU.Build.0 = Release|Any CPU
		{36516539-230E-49B8-A6AE-6107D9E02418}.Debug|Any CPU.ActiveCfg = Debug|Any CPU
		{36516539-230E-49B8-A6AE-6107D9E02418}.Debug|Any CPU.Build.0 = Debug|Any CPU
		{36516539-230E-49B8-A6AE-6107D9E02418}.Release|Any CPU.ActiveCfg = Release|Any CPU
		{36516539-230E-49B8-A6AE-6107D9E02418}.Release|Any CPU.Build.0 = Release|Any CPU
		{974B6227-7759-4FB0-B5BD-FC568E3FC82F}.Debug|Any CPU.ActiveCfg = Debug|Any CPU
		{974B6227-7759-4FB0-B5BD-FC568E3FC82F}.Debug|Any CPU.Build.0 = Debug|Any CPU
		{974B6227-7759-4FB0-B5BD-FC568E3FC82F}.Release|Any CPU.ActiveCfg = Release|Any CPU
		{974B6227-7759-4FB0-B5BD-FC568E3FC82F}.Release|Any CPU.Build.0 = Release|Any CPU
	EndGlobalSection
	GlobalSection(SolutionProperties) = preSolution
		HideSolutionNode = FALSE
	EndGlobalSection
	GlobalSection(ExtensibilityGlobals) = postSolution
		SolutionGuid = {A10950D0-B17D-4DD2-A45E-5BF3BE266ECF}
	EndGlobalSection
EndGlobal
